
Microsoft Visual Studio Solution File, Format Version 12.00
# Visual Studio Version 17
VisualStudioVersion = 17.1.32210.238
MinimumVisualStudioVersion = 10.0.40219.1
Project("{9A19103F-16F7-4668-BE54-9A1E7A4F7556}") = "MediaWPF", "MediaWPF\MediaWPF.csproj", "{3197AD19-5BF7-4306-8675-DD5544B38ED6}"
EndProject
Project("{8BC9CEB8-8B4A-11D0-8D11-00A0C91BC942}") = "YUV_RGB", "YUV_RGB\YUV_RGB.vcxproj", "{9230CAC5-E3CF-465A-9FB1-35D2861EF3F8}"
EndProject
Global
	GlobalSection(SolutionConfigurationPlatforms) = preSolution
		Debug|Any CPU = Debug|Any CPU
		Debug|x64 = Debug|x64
		Debug|x86 = Debug|x86
		Release|Any CPU = Release|Any CPU
		Release|x64 = Release|x64
		Release|x86 = Release|x86
	EndGlobalSection
	GlobalSection(ProjectConfigurationPlatforms) = postSolution
		{3197AD19-5BF7-4306-8675-DD5544B38ED6}.Debug|Any CPU.ActiveCfg = Debug|Any CPU
		{3197AD19-5BF7-4306-8675-DD5544B38ED6}.Debug|Any CPU.Build.0 = Debug|Any CPU
		{3197AD19-5BF7-4306-8675-DD5544B38ED6}.Debug|x64.ActiveCfg = Debug|Any CPU
		{3197AD19-5BF7-4306-8675-DD5544B38ED6}.Debug|x64.Build.0 = Debug|Any CPU
		{3197AD19-5BF7-4306-8675-DD5544B38ED6}.Debug|x86.ActiveCfg = Debug|Any CPU
		{3197AD19-5BF7-4306-8675-DD5544B38ED6}.Debug|x86.Build.0 = Debug|Any CPU
		{3197AD19-5BF7-4306-8675-DD5544B38ED6}.Release|Any CPU.ActiveCfg = Release|Any CPU
		{3197AD19-5BF7-4306-8675-DD5544B38ED6}.Release|Any CPU.Build.0 = Release|Any CPU
		{3197AD19-5BF7-4306-8675-DD5544B38ED6}.Release|x64.ActiveCfg = Release|Any CPU
		{3197AD19-5BF7-4306-8675-DD5544B38ED6}.Release|x64.Build.0 = Release|Any CPU
		{3197AD19-5BF7-4306-8675-DD5544B38ED6}.Release|x86.ActiveCfg = Release|Any CPU
		{3197AD19-5BF7-4306-8675-DD5544B38ED6}.Release|x86.Build.0 = Release|Any CPU
		{9230CAC5-E3CF-465A-9FB1-35D2861EF3F8}.Debug|Any CPU.ActiveCfg = Debug|x64
		{9230CAC5-E3CF-465A-9FB1-35D2861EF3F8}.Debug|Any CPU.Build.0 = Debug|x64
		{9230CAC5-E3CF-465A-9FB1-35D2861EF3F8}.Debug|x64.ActiveCfg = Debug|x64
		{9230CAC5-E3CF-465A-9FB1-35D2861EF3F8}.Debug|x64.Build.0 = Debug|x64
		{9230CAC5-E3CF-465A-9FB1-35D2861EF3F8}.Debug|x86.ActiveCfg = Debug|Win32
		{9230CAC5-E3CF-465A-9FB1-35D2861EF3F8}.Debug|x86.Build.0 = Debug|Win32
		{9230CAC5-E3CF-465A-9FB1-35D2861EF3F8}.Release|Any CPU.ActiveCfg = Release|x64
		{9230CAC5-E3CF-465A-9FB1-35D2861EF3F8}.Release|Any CPU.Build.0 = Release|x64
		{9230CAC5-E3CF-465A-9FB1-35D2861EF3F8}.Release|x64.ActiveCfg = Release|x64
		{9230CAC5-E3CF-465A-9FB1-35D2861EF3F8}.Release|x64.Build.0 = Release|x64
		{9230CAC5-E3CF-465A-9FB1-35D2861EF3F8}.Release|x86.ActiveCfg = Release|Win32
		{9230CAC5-E3CF-465A-9FB1-35D2861EF3F8}.Release|x86.Build.0 = Release|Win32
	EndGlobalSection
	GlobalSection(SolutionProperties) = preSolution
		HideSolutionNode = FALSE
	EndGlobalSection
	GlobalSection(ExtensibilityGlobals) = postSolution
		SolutionGuid = {888B4669-74BC-4DC8-932F-F9535C5554E4}
	EndGlobalSection
EndGlobal
